
Microsoft Visual Studio Solution File, Format Version 12.00
# Visual Studio Version 17
VisualStudioVersion = 17.1.32421.90
MinimumVisualStudioVersion = 10.0.40219.1
Project("{FAE04EC0-301F-11D3-BF4B-00C04F79EFBC}") = "LabOne", "LabOne.csproj", "{92BBB9F9-725D-40F3-A7EC-C2EF29F868BC}"
EndProject
Global
	GlobalSection(SolutionConfigurationPlatforms) = preSolution
		Debug|Any CPU = Debug|Any CPU
		Release|Any CPU = Release|Any CPU
	EndGlobalSection
	GlobalSection(ProjectConfigurationPlatforms) = postSolution
		{92BBB9F9-725D-40F3-A7EC-C2EF29F868BC}.Debug|Any CPU.ActiveCfg = Debug|Any CPU
		{92BBB9F9-725D-40F3-A7EC-C2EF29F868BC}.Debug|Any CPU.Build.0 = Debug|Any CPU
		{92BBB9F9-725D-40F3-A7EC-C2EF29F868BC}.Release|Any CPU.ActiveCfg = Release|Any CPU
		{92BBB9F9-725D-40F3-A7EC-C2EF29F868BC}.Release|Any CPU.Build.0 = Release|Any CPU
	EndGlobalSection
	GlobalSection(SolutionProperties) = preSolution
		HideSolutionNode = FALSE
	EndGlobalSection
	GlobalSection(ExtensibilityGlobals) = postSolution
		SolutionGuid = {6F967B66-5EA5-43D4-A7E1-13C27358550F}
	EndGlobalSection
EndGlobal
