
Microsoft Visual Studio Solution File, Format Version 12.00
# Visual Studio Version 17
VisualStudioVersion = 17.2.32526.322
MinimumVisualStudioVersion = 10.0.40219.1
Project("{FAE04EC0-301F-11D3-BF4B-00C04F79EFBC}") = "EFCoreLab", "EFCoreLab.csproj", "{7CB881DF-AA4D-42AA-957C-52D97339EAD3}"
EndProject
Global
	GlobalSection(SolutionConfigurationPlatforms) = preSolution
		Debug|Any CPU = Debug|Any CPU
		Release|Any CPU = Release|Any CPU
	EndGlobalSection
	GlobalSection(ProjectConfigurationPlatforms) = postSolution
		{7CB881DF-AA4D-42AA-957C-52D97339EAD3}.Debug|Any CPU.ActiveCfg = Debug|Any CPU
		{7CB881DF-AA4D-42AA-957C-52D97339EAD3}.Debug|Any CPU.Build.0 = Debug|Any CPU
		{7CB881DF-AA4D-42AA-957C-52D97339EAD3}.Release|Any CPU.ActiveCfg = Release|Any CPU
		{7CB881DF-AA4D-42AA-957C-52D97339EAD3}.Release|Any CPU.Build.0 = Release|Any CPU
	EndGlobalSection
	GlobalSection(SolutionProperties) = preSolution
		HideSolutionNode = FALSE
	EndGlobalSection
	GlobalSection(ExtensibilityGlobals) = postSolution
		SolutionGuid = {052CEB22-B062-4B2D-B191-559B30561678}
	EndGlobalSection
EndGlobal
